// !$*UTF8*$!
{
	archiveVersion = 1;
	classes = {
	};
	objectVersion = 46;
	objects = {

/* Begin PBXBuildFile section */
		4BBEBE941DD56D510010A6EA /* AppDelegate.swift in Sources */ = {isa = PBXBuildFile; fileRef = 4BBEBE931DD56D510010A6EA /* AppDelegate.swift */; };
		4BBEBE961DD56D510010A6EA /* ViewController.swift in Sources */ = {isa = PBXBuildFile; fileRef = 4BBEBE951DD56D510010A6EA /* ViewController.swift */; };
		4BBEBE991DD56D510010A6EA /* Main.storyboard in Resources */ = {isa = PBXBuildFile; fileRef = 4BBEBE971DD56D510010A6EA /* Main.storyboard */; };
		4BBEBE9B1DD56D510010A6EA /* Assets.xcassets in Resources */ = {isa = PBXBuildFile; fileRef = 4BBEBE9A1DD56D510010A6EA /* Assets.xcassets */; };
		4BBEBE9E1DD56D510010A6EA /* LaunchScreen.storyboard in Resources */ = {isa = PBXBuildFile; fileRef = 4BBEBE9C1DD56D510010A6EA /* LaunchScreen.storyboard */; };
/* End PBXBuildFile section */

/* Begin PBXFileReference section */
		4BBEBE901DD56D510010A6EA /* Tinder-Clone.app */ = {isa = PBXFileReference; explicitFileType = wrapper.application; includeInIndex = 0; path = "Tinder-Clone.app"; sourceTree = BUILT_PRODUCTS_DIR; };
		4BBEBE931DD56D510010A6EA /* AppDelegate.swift */ = {isa = PBXFileReference; lastKnownFileType = sourcecode.swift; path = AppDelegate.swift; sourceTree = "<group>"; };
		4BBEBE951DD56D510010A6EA /* ViewController.swift */ = {isa = PBXFileReference; lastKnownFileType = sourcecode.swift; path = ViewController.swift; sourceTree = "<group>"; };
		4BBEBE981DD56D510010A6EA /* Base */ = {isa = PBXFileReference; lastKnownFileType = file.storyboard; name = Base; path = Base.lproj/Main.storyboard; sourceTree = "<group>"; };
		4BBEBE9A1DD56D510010A6EA /* Assets.xcassets */ = {isa = PBXFileReference; lastKnownFileType = folder.assetcatalog; path = Assets.xcassets; sourceTree = "<group>"; };
		4BBEBE9D1DD56D510010A6EA /* Base */ = {isa = PBXFileReference; lastKnownFileType = file.storyboard; name = Base; path = Base.lproj/LaunchScreen.storyboard; sourceTree = "<group>"; };
		4BBEBE9F1DD56D510010A6EA /* Info.plist */ = {isa = PBXFileReference; lastKnownFileType = text.plist.xml; path = Info.plist; sourceTree = "<group>"; };
/* End PBXFileReference section */

/* Begin PBXFrameworksBuildPhase section */
		4BBEBE8D1DD56D500010A6EA /* Frameworks */ = {
			isa = PBXFrameworksBuildPhase;
			buildActionMask = 2147483647;
			files = (
			);
			runOnlyForDeploymentPostprocessing = 0;
		};
/* End PBXFrameworksBuildPhase section */

/* Begin PBXGroup section */
		4BBEBE871DD56D500010A6EA = {
			isa = PBXGroup;
			children = (
				4BBEBE921DD56D510010A6EA /* Tinder-Clone */,
				4BBEBE911DD56D510010A6EA /* Products */,
			);
			sourceTree = "<group>";
		};
		4BBEBE911DD56D510010A6EA /* Products */ = {
			isa = PBXGroup;
			children = (
				4BBEBE901DD56D510010A6EA /* Tinder-Clone.app */,
			);
			name = Products;
			sourceTree = "<group>";
		};
		4BBEBE921DD56D510010A6EA /* Tinder-Clone */ = {
			isa = PBXGroup;
			children = (
				4BBEBE931DD56D510010A6EA /* AppDelegate.swift */,
				4BBEBE951DD56D510010A6EA /* ViewController.swift */,
				4BBEBE971DD56D510010A6EA /* Main.storyboard */,
				4BBEBE9A1DD56D510010A6EA /* Assets.xcassets */,
				4BBEBE9C1DD56D510010A6EA /* LaunchScreen.storyboard */,
				4BBEBE9F1DD56D510010A6EA /* Info.plist */,
			);
			path = "Tinder-Clone";
			sourceTree = "<group>";
		};
/* End PBXGroup section */

/* Begin PBXNativeTarget section */
		4BBEBE8F1DD56D500010A6EA /* Tinder-Clone */ = {
			isa = PBXNativeTarget;
			buildConfigurationList = 4BBEBEA21DD56D510010A6EA /* Build configuration list for PBXNativeTarget "Tinder-Clone" */;
			buildPhases = (
				4BBEBE8C1DD56D500010A6EA /* Sources */,
				4BBEBE8D1DD56D500010A6EA /* Frameworks */,
				4BBEBE8E1DD56D500010A6EA /* Resources */,
			);
			buildRules = (
			);
			dependencies = (
			);
			name = "Tinder-Clone";
			productName = "Tinder-Clone";
			productReference = 4BBEBE901DD56D510010A6EA /* Tinder-Clone.app */;
			productType = "com.apple.product-type.application";
		};
/* End PBXNativeTarget section */

/* Begin PBXProject section */
		4BBEBE881DD56D500010A6EA /* Project object */ = {
			isa = PBXProject;
			attributes = {
				LastSwiftUpdateCheck = 0810;
				LastUpgradeCheck = 0810;
				ORGANIZATIONNAME = ZkHaider;
				TargetAttributes = {
					4BBEBE8F1DD56D500010A6EA = {
						CreatedOnToolsVersion = 8.1;
						ProvisioningStyle = Automatic;
					};
				};
			};
			buildConfigurationList = 4BBEBE8B1DD56D500010A6EA /* Build configuration list for PBXProject "Tinder-Clone" */;
			compatibilityVersion = "Xcode 3.2";
			developmentRegion = English;
			hasScannedForEncodings = 0;
			knownRegions = (
				en,
				Base,
			);
			mainGroup = 4BBEBE871DD56D500010A6EA;
			productRefGroup = 4BBEBE911DD56D510010A6EA /* Products */;
			projectDirPath = "";
			projectRoot = "";
			targets = (
				4BBEBE8F1DD56D500010A6EA /* Tinder-Clone */,
			);
		};
/* End PBXProject section */

/* Begin PBXResourcesBuildPhase section */
		4BBEBE8E1DD56D500010A6EA /* Resources */ = {
			isa = PBXResourcesBuildPhase;
			buildActionMask = 2147483647;
			files = (
				4BBEBE9E1DD56D510010A6EA /* LaunchScreen.storyboard in Resources */,
				4BBEBE9B1DD56D510010A6EA /* Assets.xcassets in Resources */,
				4BBEBE991DD56D510010A6EA /* Main.storyboard in Resources */,
			);
			runOnlyForDeploymentPostprocessing = 0;
		};
/* End PBXResourcesBuildPhase section */

/* Begin PBXSourcesBuildPhase section */
		4BBEBE8C1DD56D500010A6EA /* Sources */ = {
			isa = PBXSourcesBuildPhase;
			buildActionMask = 2147483647;
			files = (
				4BBEBE961DD56D510010A6EA /* ViewController.swift in Sources */,
				4BBEBE941DD56D510010A6EA /* AppDelegate.swift in Sources */,
			);
			runOnlyForDeploymentPostprocessing = 0;
		};
/* End PBXSourcesBuildPhase section */

/* Begin PBXVariantGroup section */
		4BBEBE971DD56D510010A6EA /* Main.storyboard */ = {
			isa = PBXVariantGroup;
			children = (
				4BBEBE981DD56D510010A6EA /* Base */,
			);
			name = Main.storyboard;
			sourceTree = "<group>";
		};
		4BBEBE9C1DD56D510010A6EA /* LaunchScreen.storyboard */ = {
			isa = PBXVariantGroup;
			children = (
				4BBEBE9D1DD56D510010A6EA /* Base */,
			);
			name = LaunchScreen.storyboard;
			sourceTree = "<group>";
		};
/* End PBXVariantGroup section */

/* Begin XCBuildConfiguration section */
		4BBEBEA01DD56D510010A6EA /* Debug */ = {
			isa = XCBuildConfiguration;
			buildSettings = {
				ALWAYS_SEARCH_USER_PATHS = NO;
				CLANG_ANALYZER_NONNULL = YES;
				CLANG_CXX_LANGUAGE_STANDARD = "gnu++0x";
				CLANG_CXX_LIBRARY = "libc++";
				CLANG_ENABLE_MODULES = YES;
				CLANG_ENABLE_OBJC_ARC = YES;
				CLANG_WARN_BOOL_CONVERSION = YES;
				CLANG_WARN_CONSTANT_CONVERSION = YES;
				CLANG_WARN_DIRECT_OBJC_ISA_USAGE = YES_ERROR;
				CLANG_WARN_DOCUMENTATION_COMMENTS = YES;
				CLANG_WARN_EMPTY_BODY = YES;
				CLANG_WARN_ENUM_CONVERSION = YES;
				CLANG_WARN_INFINITE_RECURSION = YES;
				CLANG_WARN_INT_CONVERSION = YES;
				CLANG_WARN_OBJC_ROOT_CLASS = YES_ERROR;
				CLANG_WARN_SUSPICIOUS_MOVES = YES;
				CLANG_WARN_UNREACHABLE_CODE = YES;
				CLANG_WARN__DUPLICATE_METHOD_MATCH = YES;
				"CODE_SIGN_IDENTITY[sdk=iphoneos*]" = "iPhone Developer";
				COPY_PHASE_STRIP = NO;
				DEBUG_INFORMATION_FORMAT = dwarf;
				ENABLE_STRICT_OBJC_MSGSEND = YES;
				ENABLE_TESTABILITY = YES;
				GCC_C_LANGUAGE_STANDARD = gnu99;
				GCC_DYNAMIC_NO_PIC = NO;
				GCC_NO_COMMON_BLOCKS = YES;
				GCC_OPTIMIZATION_LEVEL = 0;
				GCC_PREPROCESSOR_DEFINITIONS = (
					"DEBUG=1",
					"$(inherited)",
				);
				GCC_WARN_64_TO_32_BIT_CONVERSION = YES;
				GCC_WARN_ABOUT_RETURN_TYPE = YES_ERROR;
				GCC_WARN_UNDECLARED_SELECTOR = YES;
				GCC_WARN_UNINITIALIZED_AUTOS = YES_AGGRESSIVE;
				GCC_WARN_UNUSED_FUNCTION = YES;
				GCC_WARN_UNUSED_VARIABLE = YES;
				IPHONEOS_DEPLOYMENT_TARGET = 10.1;
				MTL_ENABLE_DEBUG_INFO = YES;
				ONLY_ACTIVE_ARCH = YES;
				SDKROOT = iphoneos;
				SWIFT_ACTIVE_COMPILATION_CONDITIONS = DEBUG;
				SWIFT_OPTIMIZATION_LEVEL = "-Onone";
			};
			name = Debug;
		};
		4BBEBEA11DD56D510010A6EA /* Release */ = {
			isa = XCBuildConfiguration;
			buildSettings = {
				ALWAYS_SEARCH_USER_PATHS = NO;
				CLANG_ANALYZER_NONNULL = YES;
				CLANG_CXX_LANGUAGE_STANDARD = "gnu++0x";
				CLANG_CXX_LIBRARY = "libc++";
				CLANG_ENABLE_MODULES = YES;
				CLANG_ENABLE_OBJC_ARC = YES;
				CLANG_WARN_BOOL_CONVERSION = YES;
				CLANG_WARN_CONSTANT_CONVERSION = YES;
				CLANG_WARN_DIRECT_OBJC_ISA_USAGE = YES_ERROR;
				CLANG_WARN_DOCUMENTATION_COMMENTS = YES;
				CLANG_WARN_EMPTY_BODY = YES;
				CLANG_WARN_ENUM_CONVERSION = YES;
				CLANG_WARN_INFINITE_RECURSION = YES;
				CLANG_WARN_INT_CONVERSION = YES;
				CLANG_WARN_OBJC_ROOT_CLASS = YES_ERROR;
				CLANG_WARN_SUSPICIOUS_MOVES = YES;
				CLANG_WARN_UNREACHABLE_CODE = YES;
				CLANG_WARN__DUPLICATE_METHOD_MATCH = YES;
				"CODE_SIGN_IDENTITY[sdk=iphoneos*]" = "iPhone Developer";
				COPY_PHASE_STRIP = NO;
				DEBUG_INFORMATION_FORMAT = "dwarf-with-dsym";
				ENABLE_NS_ASSERTIONS = NO;
				ENABLE_STRICT_OBJC_MSGSEND = YES;
				GCC_C_LANGUAGE_STANDARD = gnu99;
				GCC_NO_COMMON_BLOCKS = YES;
				GCC_WARN_64_TO_32_BIT_CONVERSION = YES;
				GCC_WARN_ABOUT_RETURN_TYPE = YES_ERROR;
				GCC_WARN_UNDECLARED_SELECTOR = YES;
				GCC_WARN_UNINITIALIZED_AUTOS = YES_AGGRESSIVE;
				GCC_WARN_UNUSED_FUNCTION = YES;
				GCC_WARN_UNUSED_VARIABLE = YES;
				IPHONEOS_DEPLOYMENT_TARGET = 10.1;
				MTL_ENABLE_DEBUG_INFO = NO;
				SDKROOT = iphoneos;
				SWIFT_OPTIMIZATION_LEVEL = "-Owholemodule";
				VALIDATE_PRODUCT = YES;
			};
			name = Release;
		};
		4BBEBEA31DD56D510010A6EA /* Debug */ = {
			isa = XCBuildConfiguration;
			buildSettings = {
				ASSETCATALOG_COMPILER_APPICON_NAME = AppIcon;
				INFOPLIST_FILE = "Tinder-Clone/Info.plist";
				LD_RUNPATH_SEARCH_PATHS = "$(inherited) @executable_path/Frameworks";
				PRODUCT_BUNDLE_IDENTIFIER = "com.zkhaider.Tinder-Clone";
				PRODUCT_NAME = "$(TARGET_NAME)";
				SWIFT_VERSION = 3.0;
			};
			name = Debug;
		};
		4BBEBEA41DD56D510010A6EA /* Release */ = {
			isa = XCBuildConfiguration;
			buildSettings = {
				ASSETCATALOG_COMPILER_APPICON_NAME = AppIcon;
				INFOPLIST_FILE = "Tinder-Clone/Info.plist";
				LD_RUNPATH_SEARCH_PATHS = "$(inherited) @executable_path/Frameworks";
				PRODUCT_BUNDLE_IDENTIFIER = "com.zkhaider.Tinder-Clone";
				PRODUCT_NAME = "$(TARGET_NAME)";
				SWIFT_VERSION = 3.0;
			};
			name = Release;
		};
/* End XCBuildConfiguration section */

/* Begin XCConfigurationList section */
		4BBEBE8B1DD56D500010A6EA /* Build configuration list for PBXProject "Tinder-Clone" */ = {
			isa = XCConfigurationList;
			buildConfigurations = (
				4BBEBEA01DD56D510010A6EA /* Debug */,
				4BBEBEA11DD56D510010A6EA /* Release */,
			);
			defaultConfigurationIsVisible = 0;
			defaultConfigurationName = Release;
		};
		4BBEBEA21DD56D510010A6EA /* Build configuration list for PBXNativeTarget "Tinder-Clone" */ = {
			isa = XCConfigurationList;
			buildConfigurations = (
				4BBEBEA31DD56D510010A6EA /* Debug */,
				4BBEBEA41DD56D510010A6EA /* Release */,
			);
			defaultConfigurationIsVisible = 0;
		};
/* End XCConfigurationList section */
	};
	rootObject = 4BBEBE881DD56D500010A6EA /* Project object */;
}
